
Microsoft Visual Studio Solution File, Format Version 12.00
Project("{FAE04EC0-301F-11D3-BF4B-00C04F79EFBC}") = "HappyTravel.Funai", "HappyTravel.Funai.csproj", "{BC7D5862-0F45-4E2C-9AE4-AFFCFFC2BBCB}"
EndProject
Global
	GlobalSection(SolutionConfigurationPlatforms) = preSolution
		Debug|Any CPU = Debug|Any CPU
		Release|Any CPU = Release|Any CPU
	EndGlobalSection
	GlobalSection(ProjectConfigurationPlatforms) = postSolution
		{BC7D5862-0F45-4E2C-9AE4-AFFCFFC2BBCB}.Debug|Any CPU.ActiveCfg = Debug|Any CPU
		{BC7D5862-0F45-4E2C-9AE4-AFFCFFC2BBCB}.Debug|Any CPU.Build.0 = Debug|Any CPU
		{BC7D5862-0F45-4E2C-9AE4-AFFCFFC2BBCB}.Release|Any CPU.ActiveCfg = Release|Any CPU
		{BC7D5862-0F45-4E2C-9AE4-AFFCFFC2BBCB}.Release|Any CPU.Build.0 = Release|Any CPU
	EndGlobalSection
EndGlobal
